
Microsoft Visual Studio Solution File, Format Version 12.00
# Visual Studio Version 16
VisualStudioVersion = 16.0.31005.135
MinimumVisualStudioVersion = 10.0.40219.1
Project("{FAE04EC0-301F-11D3-BF4B-00C04F79EFBC}") = "practicemvc", "practicemvc\practicemvc.csproj", "{4ECB2D10-2AFF-498A-9480-BBCB9A986052}"
EndProject
Global
	GlobalSection(SolutionConfigurationPlatforms) = preSolution
		Debug|Any CPU = Debug|Any CPU
		Release|Any CPU = Release|Any CPU
	EndGlobalSection
	GlobalSection(ProjectConfigurationPlatforms) = postSolution
		{4ECB2D10-2AFF-498A-9480-BBCB9A986052}.Debug|Any CPU.ActiveCfg = Debug|Any CPU
		{4ECB2D10-2AFF-498A-9480-BBCB9A986052}.Debug|Any CPU.Build.0 = Debug|Any CPU
		{4ECB2D10-2AFF-498A-9480-BBCB9A986052}.Release|Any CPU.ActiveCfg = Release|Any CPU
		{4ECB2D10-2AFF-498A-9480-BBCB9A986052}.Release|Any CPU.Build.0 = Release|Any CPU
	EndGlobalSection
	GlobalSection(SolutionProperties) = preSolution
		HideSolutionNode = FALSE
	EndGlobalSection
	GlobalSection(ExtensibilityGlobals) = postSolution
		SolutionGuid = {5B5B92DC-B66D-4350-A0F0-44C32E1BB852}
	EndGlobalSection
EndGlobal
